{
    "version": 3,
    "terraform_version": "0.11.5",
    "serial": 4,
    "lineage": "c9201fb0-1805-ccb6-2e84-58e9fc025b43",
    "modules": [
        {
            "path": [
                "root"
            ],
            "outputs": {},
            "resources": {
                "aws_internet_gateway.refinebio-frontend": {
                    "type": "aws_internet_gateway",
                    "depends_on": [
                        "aws_vpc.refinebio-frontend-vpc"
                    ],
                    "primary": {
                        "id": "igw-ca1680b2",
                        "attributes": {
                            "id": "igw-ca1680b2",
                            "tags.%": "1",
                            "tags.Name": "refinebio-frontend",
                            "vpc_id": "vpc-36f7b04d"
                        },
                        "meta": {},
                        "tainted": false
                    },
                    "deposed": [],
                    "provider": "provider.aws"
                },
                "aws_route_table.refinebio-frontend": {
                    "type": "aws_route_table",
                    "depends_on": [
                        "aws_internet_gateway.refinebio-frontend",
                        "aws_vpc.refinebio-frontend-vpc"
                    ],
                    "primary": {
                        "id": "rtb-a64c0dda",
                        "attributes": {
                            "id": "rtb-a64c0dda",
                            "propagating_vgws.#": "0",
                            "route.#": "1",
                            "route.247228276.cidr_block": "0.0.0.0/0",
                            "route.247228276.egress_only_gateway_id": "",
                            "route.247228276.gateway_id": "igw-ca1680b2",
                            "route.247228276.instance_id": "",
                            "route.247228276.ipv6_cidr_block": "",
                            "route.247228276.nat_gateway_id": "",
                            "route.247228276.network_interface_id": "",
                            "route.247228276.vpc_peering_connection_id": "",
                            "tags.%": "1",
                            "tags.Name": "refinebio-frontend",
                            "vpc_id": "vpc-36f7b04d"
                        },
                        "meta": {},
                        "tainted": false
                    },
                    "deposed": [],
                    "provider": "provider.aws"
                },
                "aws_s3_bucket.refinebio-frontend-static": {
                    "type": "aws_s3_bucket",
                    "depends_on": [],
                    "primary": {
                        "id": "refinebio-frontend.org",
                        "attributes": {
                            "acceleration_status": "",
                            "acl": "private",
                            "arn": "arn:aws:s3:::refinebio-frontend.org",
                            "bucket": "refinebio-frontend.org",
                            "bucket_domain_name": "refinebio-frontend.org.s3.amazonaws.com",
                            "cors_rule.#": "1",
                            "cors_rule.0.allowed_headers.#": "1",
                            "cors_rule.0.allowed_headers.0": "Authorization",
                            "cors_rule.0.allowed_methods.#": "1",
                            "cors_rule.0.allowed_methods.0": "GET",
                            "cors_rule.0.allowed_origins.#": "1",
                            "cors_rule.0.allowed_origins.0": "*",
                            "cors_rule.0.expose_headers.#": "0",
                            "cors_rule.0.max_age_seconds": "3000",
                            "force_destroy": "false",
                            "hosted_zone_id": "Z3AQBSTGFYJSTF",
                            "id": "refinebio-frontend.org",
                            "logging.#": "0",
                            "region": "us-east-1",
                            "replication_configuration.#": "0",
                            "request_payer": "BucketOwner",
                            "server_side_encryption_configuration.#": "0",
                            "tags.%": "1",
                            "tags.Name": "refinebio-frontend Static Files",
                            "versioning.#": "1",
                            "versioning.0.enabled": "false",
                            "versioning.0.mfa_delete": "false",
                            "website.#": "1",
                            "website.0.error_document": "",
                            "website.0.index_document": "index.html",
                            "website.0.redirect_all_requests_to": "",
                            "website.0.routing_rules": "",
                            "website_domain": "s3-website-us-east-1.amazonaws.com",
                            "website_endpoint": "refinebio-frontend.org.s3-website-us-east-1.amazonaws.com"
                        },
                        "meta": {},
                        "tainted": false
                    },
                    "deposed": [],
                    "provider": "provider.aws"
                },
                "aws_s3_bucket_policy.refinebio-frontend-s3-static-policy": {
                    "type": "aws_s3_bucket_policy",
                    "depends_on": [
                        "aws_s3_bucket.refinebio-frontend-static",
                        "data.aws_iam_policy_document.refinebio-frontend-s3-static-access"
                    ],
                    "primary": {
                        "id": "refinebio-frontend.org",
                        "attributes": {
                            "bucket": "refinebio-frontend.org",
                            "id": "refinebio-frontend.org",
                            "policy": "{\"Version\":\"2012-10-17\",\"Statement\":[{\"Sid\":\"\",\"Effect\":\"Allow\",\"Principal\":\"*\",\"Action\":\"s3:GetObject\",\"Resource\":\"arn:aws:s3:::refinebio-frontend.org/*\"}]}"
                        },
                        "meta": {},
                        "tainted": false
                    },
                    "deposed": [],
                    "provider": "provider.aws"
                },
                "aws_subnet.refinebio-frontend-1a": {
                    "type": "aws_subnet",
                    "depends_on": [
                        "aws_vpc.refinebio-frontend-vpc"
                    ],
                    "primary": {
                        "id": "subnet-d89e84f7",
                        "attributes": {
                            "assign_ipv6_address_on_creation": "false",
                            "availability_zone": "us-east-1a",
                            "cidr_block": "172.31.48.0/20",
                            "id": "subnet-d89e84f7",
                            "map_public_ip_on_launch": "true",
                            "tags.%": "1",
                            "tags.Name": "refinebio-frontend-1a",
                            "vpc_id": "vpc-36f7b04d"
                        },
                        "meta": {
                            "schema_version": "1"
                        },
                        "tainted": false
                    },
                    "deposed": [],
                    "provider": "provider.aws"
                },
                "aws_subnet.refinebio-frontend-1b": {
                    "type": "aws_subnet",
                    "depends_on": [
                        "aws_vpc.refinebio-frontend-vpc"
                    ],
                    "primary": {
                        "id": "subnet-a96bc7e3",
                        "attributes": {
                            "assign_ipv6_address_on_creation": "false",
                            "availability_zone": "us-east-1b",
                            "cidr_block": "172.31.0.0/20",
                            "id": "subnet-a96bc7e3",
                            "map_public_ip_on_launch": "true",
                            "tags.%": "1",
                            "tags.Name": "refinebio-frontend-1b",
                            "vpc_id": "vpc-36f7b04d"
                        },
                        "meta": {
                            "schema_version": "1"
                        },
                        "tainted": false
                    },
                    "deposed": [],
                    "provider": "provider.aws"
                },
                "aws_vpc.refinebio-frontend-vpc": {
                    "type": "aws_vpc",
                    "depends_on": [],
                    "primary": {
                        "id": "vpc-36f7b04d",
                        "attributes": {
                            "assign_generated_ipv6_cidr_block": "false",
                            "cidr_block": "172.31.0.0/16",
                            "default_network_acl_id": "acl-78a17902",
                            "default_route_table_id": "rtb-5142032d",
                            "default_security_group_id": "sg-d772e89e",
                            "dhcp_options_id": "dopt-9ade0fe2",
                            "enable_classiclink": "false",
                            "enable_classiclink_dns_support": "false",
                            "enable_dns_hostnames": "true",
                            "enable_dns_support": "true",
                            "id": "vpc-36f7b04d",
                            "instance_tenancy": "default",
                            "main_route_table_id": "rtb-5142032d",
                            "tags.%": "1",
                            "tags.Name": "refinebio-frontend"
                        },
                        "meta": {
                            "schema_version": "1"
                        },
                        "tainted": false
                    },
                    "deposed": [],
                    "provider": "provider.aws"
                },
                "data.aws_iam_policy_document.refinebio-frontend-deployment": {
                    "type": "aws_iam_policy_document",
                    "depends_on": [
                        "aws_s3_bucket.refinebio-frontend-static"
                    ],
                    "primary": {
                        "id": "2164009655",
                        "attributes": {
                            "id": "2164009655",
                            "json": "{\n  \"Version\": \"2012-10-17\",\n  \"Statement\": [\n    {\n      \"Sid\": \"\",\n      \"Effect\": \"Allow\",\n      \"Action\": [\n        \"s3:PutObject\",\n        \"s3:ListObjects\",\n        \"s3:GetObject\",\n        \"s3:DeleteObject\"\n      ],\n      \"Resource\": \"arn:aws:s3:::refinebio-frontend.org/*\"\n    },\n    {\n      \"Sid\": \"\",\n      \"Effect\": \"Allow\",\n      \"Action\": \"s3:ListBucket\",\n      \"Resource\": \"arn:aws:s3:::refinebio-frontend.org\"\n    }\n  ]\n}",
                            "statement.#": "2",
                            "statement.0.actions.#": "4",
                            "statement.0.actions.1610196262": "s3:ListObjects",
                            "statement.0.actions.2071725391": "s3:GetObject",
                            "statement.0.actions.3009670498": "s3:DeleteObject",
                            "statement.0.actions.315547055": "s3:PutObject",
                            "statement.0.condition.#": "0",
                            "statement.0.effect": "Allow",
                            "statement.0.not_actions.#": "0",
                            "statement.0.not_principals.#": "0",
                            "statement.0.not_resources.#": "0",
                            "statement.0.principals.#": "0",
                            "statement.0.resources.#": "1",
                            "statement.0.resources.2085190": "arn:aws:s3:::refinebio-frontend.org/*",
                            "statement.0.sid": "",
                            "statement.1.actions.#": "1",
                            "statement.1.actions.486976917": "s3:ListBucket",
                            "statement.1.condition.#": "0",
                            "statement.1.effect": "Allow",
                            "statement.1.not_actions.#": "0",
                            "statement.1.not_principals.#": "0",
                            "statement.1.not_resources.#": "0",
                            "statement.1.principals.#": "0",
                            "statement.1.resources.#": "1",
                            "statement.1.resources.1962730475": "arn:aws:s3:::refinebio-frontend.org",
                            "statement.1.sid": ""
                        },
                        "meta": {},
                        "tainted": false
                    },
                    "deposed": [],
                    "provider": "provider.aws"
                },
                "data.aws_iam_policy_document.refinebio-frontend-s3-static-access": {
                    "type": "aws_iam_policy_document",
                    "depends_on": [
                        "aws_s3_bucket.refinebio-frontend-static"
                    ],
                    "primary": {
                        "id": "2093559139",
                        "attributes": {
                            "id": "2093559139",
                            "json": "{\n  \"Version\": \"2012-10-17\",\n  \"Statement\": [\n    {\n      \"Sid\": \"\",\n      \"Effect\": \"Allow\",\n      \"Action\": \"s3:GetObject\",\n      \"Resource\": \"arn:aws:s3:::refinebio-frontend.org/*\",\n      \"Principal\": \"*\"\n    }\n  ]\n}",
                            "statement.#": "1",
                            "statement.0.actions.#": "1",
                            "statement.0.actions.2071725391": "s3:GetObject",
                            "statement.0.condition.#": "0",
                            "statement.0.effect": "Allow",
                            "statement.0.not_actions.#": "0",
                            "statement.0.not_principals.#": "0",
                            "statement.0.not_resources.#": "0",
                            "statement.0.principals.#": "1",
                            "statement.0.principals.636693895.identifiers.#": "1",
                            "statement.0.principals.636693895.identifiers.2679715827": "*",
                            "statement.0.principals.636693895.type": "AWS",
                            "statement.0.resources.#": "1",
                            "statement.0.resources.2085190": "arn:aws:s3:::refinebio-frontend.org/*",
                            "statement.0.sid": ""
                        },
                        "meta": {},
                        "tainted": false
                    },
                    "deposed": [],
                    "provider": "provider.aws"
                }
            },
            "depends_on": []
        }
    ]
}
